
Microsoft Visual Studio Solution File, Format Version 12.00
# Visual Studio Version 17
VisualStudioVersion = 17.14.36414.22
MinimumVisualStudioVersion = 10.0.40219.1
Project("{2150E333-8FDC-42A3-9474-1A3956D46DE8}") = "API", "API", "{02EA681E-C7D8-13C7-8484-4AC65E1B71E8}"
EndProject
Project("{2150E333-8FDC-42A3-9474-1A3956D46DE8}") = "Core", "Core", "{CB3FB44F-D947-4C75-83F2-F825F43386BD}"
EndProject
Project("{FAE04EC0-301F-11D3-BF4B-00C04F79EFBC}") = "Netgo.Domain", "Netgo.Domain\Netgo.Domain.csproj", "{3C8A467B-D9EF-4EAD-A305-228827C9AF3D}"
EndProject
Project("{FAE04EC0-301F-11D3-BF4B-00C04F79EFBC}") = "Netgo.Application", "Netgo.Application\Netgo.Application.csproj", "{90B417C0-732B-4CFC-955B-B83F58C5DCF0}"
EndProject
Project("{2150E333-8FDC-42A3-9474-1A3956D46DE8}") = "Infrastracture", "Infrastracture", "{706BAA44-AD07-4756-9550-9BAC8A469F56}"
	ProjectSection(SolutionItems) = preProject
		Netgo.Migrator.Dockerfile = Netgo.Migrator.Dockerfile
	EndProjectSection
EndProject
Project("{FAE04EC0-301F-11D3-BF4B-00C04F79EFBC}") = "Netgo.Infrastructure", "Netgo.Infrastructure\Netgo.Infrastructure.csproj", "{5A4A1D56-6EAA-4140-ACD7-C5D4DB1BA8A7}"
EndProject
Project("{FAE04EC0-301F-11D3-BF4B-00C04F79EFBC}") = "Netgo.Persistence", "Netgo.Persistence\Netgo.Persistence.csproj", "{4723823E-8A2B-46E5-9031-EEC23ADA2B54}"
EndProject
Project("{FAE04EC0-301F-11D3-BF4B-00C04F79EFBC}") = "Netgo.API", "Netgo.API\Netgo.API.csproj", "{4CC17D69-A7BD-4F8B-B04D-ACC97829FE2F}"
EndProject
Project("{FAE04EC0-301F-11D3-BF4B-00C04F79EFBC}") = "Netgo.Identity", "Netgo.Identity\Netgo.Identity.csproj", "{A0D84548-5892-4E3C-A906-FD47608E5CBE}"
EndProject
Project("{E53339B2-1760-4266-BCC7-CA923CBCF16C}") = "docker-compose", "docker-compose.dcproj", "{81DDED9D-158B-E303-5F62-77A2896D2A5A}"
EndProject
Project("{2150E333-8FDC-42A3-9474-1A3956D46DE8}") = "tests", "tests", "{C8AC043E-1F81-4197-925B-552E7D95B70D}"
EndProject
Project("{FAE04EC0-301F-11D3-BF4B-00C04F79EFBC}") = "ApplicationTests", "..\ApplicationTests\ApplicationTests.csproj", "{A534070C-E20C-403B-A23C-AB19DE5CD2E5}"
EndProject
Global
	GlobalSection(SolutionConfigurationPlatforms) = preSolution
		Debug|Any CPU = Debug|Any CPU
		Release|Any CPU = Release|Any CPU
	EndGlobalSection
	GlobalSection(ProjectConfigurationPlatforms) = postSolution
		{3C8A467B-D9EF-4EAD-A305-228827C9AF3D}.Debug|Any CPU.ActiveCfg = Debug|Any CPU
		{3C8A467B-D9EF-4EAD-A305-228827C9AF3D}.Debug|Any CPU.Build.0 = Debug|Any CPU
		{3C8A467B-D9EF-4EAD-A305-228827C9AF3D}.Release|Any CPU.ActiveCfg = Release|Any CPU
		{3C8A467B-D9EF-4EAD-A305-228827C9AF3D}.Release|Any CPU.Build.0 = Release|Any CPU
		{90B417C0-732B-4CFC-955B-B83F58C5DCF0}.Debug|Any CPU.ActiveCfg = Debug|Any CPU
		{90B417C0-732B-4CFC-955B-B83F58C5DCF0}.Debug|Any CPU.Build.0 = Debug|Any CPU
		{90B417C0-732B-4CFC-955B-B83F58C5DCF0}.Release|Any CPU.ActiveCfg = Release|Any CPU
		{90B417C0-732B-4CFC-955B-B83F58C5DCF0}.Release|Any CPU.Build.0 = Release|Any CPU
		{5A4A1D56-6EAA-4140-ACD7-C5D4DB1BA8A7}.Debug|Any CPU.ActiveCfg = Debug|Any CPU
		{5A4A1D56-6EAA-4140-ACD7-C5D4DB1BA8A7}.Debug|Any CPU.Build.0 = Debug|Any CPU
		{5A4A1D56-6EAA-4140-ACD7-C5D4DB1BA8A7}.Release|Any CPU.ActiveCfg = Release|Any CPU
		{5A4A1D56-6EAA-4140-ACD7-C5D4DB1BA8A7}.Release|Any CPU.Build.0 = Release|Any CPU
		{4723823E-8A2B-46E5-9031-EEC23ADA2B54}.Debug|Any CPU.ActiveCfg = Debug|Any CPU
		{4723823E-8A2B-46E5-9031-EEC23ADA2B54}.Debug|Any CPU.Build.0 = Debug|Any CPU
		{4723823E-8A2B-46E5-9031-EEC23ADA2B54}.Release|Any CPU.ActiveCfg = Release|Any CPU
		{4723823E-8A2B-46E5-9031-EEC23ADA2B54}.Release|Any CPU.Build.0 = Release|Any CPU
		{4CC17D69-A7BD-4F8B-B04D-ACC97829FE2F}.Debug|Any CPU.ActiveCfg = Debug|Any CPU
		{4CC17D69-A7BD-4F8B-B04D-ACC97829FE2F}.Debug|Any CPU.Build.0 = Debug|Any CPU
		{4CC17D69-A7BD-4F8B-B04D-ACC97829FE2F}.Release|Any CPU.ActiveCfg = Release|Any CPU
		{4CC17D69-A7BD-4F8B-B04D-ACC97829FE2F}.Release|Any CPU.Build.0 = Release|Any CPU
		{A0D84548-5892-4E3C-A906-FD47608E5CBE}.Debug|Any CPU.ActiveCfg = Debug|Any CPU
		{A0D84548-5892-4E3C-A906-FD47608E5CBE}.Debug|Any CPU.Build.0 = Debug|Any CPU
		{A0D84548-5892-4E3C-A906-FD47608E5CBE}.Release|Any CPU.ActiveCfg = Release|Any CPU
		{A0D84548-5892-4E3C-A906-FD47608E5CBE}.Release|Any CPU.Build.0 = Release|Any CPU
		{81DDED9D-158B-E303-5F62-77A2896D2A5A}.Debug|Any CPU.ActiveCfg = Debug|Any CPU
		{81DDED9D-158B-E303-5F62-77A2896D2A5A}.Debug|Any CPU.Build.0 = Debug|Any CPU
		{81DDED9D-158B-E303-5F62-77A2896D2A5A}.Release|Any CPU.ActiveCfg = Release|Any CPU
		{81DDED9D-158B-E303-5F62-77A2896D2A5A}.Release|Any CPU.Build.0 = Release|Any CPU
		{A534070C-E20C-403B-A23C-AB19DE5CD2E5}.Debug|Any CPU.ActiveCfg = Debug|Any CPU
		{A534070C-E20C-403B-A23C-AB19DE5CD2E5}.Debug|Any CPU.Build.0 = Debug|Any CPU
		{A534070C-E20C-403B-A23C-AB19DE5CD2E5}.Release|Any CPU.ActiveCfg = Release|Any CPU
		{A534070C-E20C-403B-A23C-AB19DE5CD2E5}.Release|Any CPU.Build.0 = Release|Any CPU
	EndGlobalSection
	GlobalSection(SolutionProperties) = preSolution
		HideSolutionNode = FALSE
	EndGlobalSection
	GlobalSection(NestedProjects) = preSolution
		{3C8A467B-D9EF-4EAD-A305-228827C9AF3D} = {CB3FB44F-D947-4C75-83F2-F825F43386BD}
		{90B417C0-732B-4CFC-955B-B83F58C5DCF0} = {CB3FB44F-D947-4C75-83F2-F825F43386BD}
		{5A4A1D56-6EAA-4140-ACD7-C5D4DB1BA8A7} = {706BAA44-AD07-4756-9550-9BAC8A469F56}
		{4723823E-8A2B-46E5-9031-EEC23ADA2B54} = {706BAA44-AD07-4756-9550-9BAC8A469F56}
		{4CC17D69-A7BD-4F8B-B04D-ACC97829FE2F} = {02EA681E-C7D8-13C7-8484-4AC65E1B71E8}
		{A0D84548-5892-4E3C-A906-FD47608E5CBE} = {706BAA44-AD07-4756-9550-9BAC8A469F56}
		{A534070C-E20C-403B-A23C-AB19DE5CD2E5} = {C8AC043E-1F81-4197-925B-552E7D95B70D}
	EndGlobalSection
	GlobalSection(ExtensibilityGlobals) = postSolution
		SolutionGuid = {E66DFF36-C266-4927-97C9-A11846B2A56D}
	EndGlobalSection
EndGlobal
